<?xml version="1.0" encoding="utf-8"?>
<Project ToolsVersion="4.0" xmlns="http://schemas.microsoft.com/developer/msbuild/2003">
  <ItemGroup>
    <Filter Include="00.MainApp">
      <UniqueIdentifier>{50d685a9-05ef-4ca8-8ee0-9a3e192df003}</UniqueIdentifier>
    </Filter>
    <Filter Include="98.Defines">
      <UniqueIdentifier>{8a532d21-5eb1-46db-b71c-17f1a90c5e69}</UniqueIdentifier>
    </Filter>
    <Filter Include="98.Defines\Macros">
      <UniqueIdentifier>{254a690d-d2c5-45ce-9728-ffa3c846c75a}</UniqueIdentifier>
    </Filter>
    <Filter Include="01.Level">
      <UniqueIdentifier>{f2c04c00-245c-4df4-93ae-0b5580e880a4}</UniqueIdentifier>
    </Filter>
    <Filter Include="01.Level\Level_Loading">
      <UniqueIdentifier>{b0441be8-3233-4730-9656-7a45ede693c2}</UniqueIdentifier>
    </Filter>
    <Filter Include="01.Level\Level_Loading\Loader">
      <UniqueIdentifier>{051ce7dd-68ef-4ac2-acb1-f2a752f6741e}</UniqueIdentifier>
    </Filter>
    <Filter Include="01.Level\Level_Tool">
      <UniqueIdentifier>{ff868eb2-33e7-425e-a392-041bf3349203}</UniqueIdentifier>
    </Filter>
    <Filter Include="02.GameObject_Tool">
      <UniqueIdentifier>{865cfa64-9b6b-4432-aeef-cab90039863b}</UniqueIdentifier>
    </Filter>
    <Filter Include="03.Camera">
      <UniqueIdentifier>{2aff35a8-2ca5-459b-b9ed-baeb38632cda}</UniqueIdentifier>
    </Filter>
    <Filter Include="04.ImGuiClass">
      <UniqueIdentifier>{5e87ca1c-1234-427d-8385-3daa9f40f624}</UniqueIdentifier>
    </Filter>
    <Filter Include="02.GameObject_Tool\Pawn">
      <UniqueIdentifier>{5ccd4b87-91ce-481d-b5f1-919b69afe8e9}</UniqueIdentifier>
    </Filter>
    <Filter Include="04.ImGuiClass\MainView">
      <UniqueIdentifier>{be6e7a56-4235-4ed6-8187-9e91291c79ef}</UniqueIdentifier>
    </Filter>
    <Filter Include="04.ImGuiClass\Manager">
      <UniqueIdentifier>{1c3563ae-ea04-4c16-a09a-633d921e4817}</UniqueIdentifier>
    </Filter>
    <Filter Include="04.ImGuiClass\FIlePath">
      <UniqueIdentifier>{38306bd0-b4d4-4503-840f-30d24c60c88a}</UniqueIdentifier>
    </Filter>
    <Filter Include="04.ImGuiClass\MapViewer">
      <UniqueIdentifier>{f572120d-5d8a-44e8-949b-4e4c06e30f4e}</UniqueIdentifier>
    </Filter>
    <Filter Include="02.GameObject_Tool\MapViewer">
      <UniqueIdentifier>{19995a8e-1db8-4a0a-859d-eea570a1d069}</UniqueIdentifier>
    </Filter>
    <Filter Include="02.GameObject_Tool\UI">
      <UniqueIdentifier>{c5d2da64-4371-445b-bc8c-b7c28d2bde62}</UniqueIdentifier>
    </Filter>
    <Filter Include="04.ImGuiClass\UI_Tool">
      <UniqueIdentifier>{c3e81019-48f9-4ffb-a25f-18cdd5a587b1}</UniqueIdentifier>
    </Filter>
    <Filter Include="02.GameObject_Tool\Pawn\Character">
      <UniqueIdentifier>{a07b733b-5dba-4769-ae21-4db0a2657479}</UniqueIdentifier>
    </Filter>
    <Filter Include="04.ImGuiClass\Effect_Tool">
      <UniqueIdentifier>{f8afb93a-99a7-4171-838d-5d576f6dee51}</UniqueIdentifier>
    </Filter>
    <Filter Include="04.ImGuiClass\AnimViewer">
      <UniqueIdentifier>{82ba0c01-4f3c-4919-bed9-a64a7b56d521}</UniqueIdentifier>
    </Filter>
    <Filter Include="04.ImGuiClass\AnimViewer\AnimViewerModel">
      <UniqueIdentifier>{0f8cb508-c077-4047-9dba-30481d15c77e}</UniqueIdentifier>
    </Filter>
    <Filter Include="04.ImGuiClass\CamViewer">
      <UniqueIdentifier>{4e0d69e9-cd8d-4128-810f-098ddc025fce}</UniqueIdentifier>
    </Filter>
    <Filter Include="03.Camera\Tool">
      <UniqueIdentifier>{305c94c3-72d5-4bda-bf4c-ef88822ca82e}</UniqueIdentifier>
    </Filter>
    <Filter Include="03.Camera\Free">
      <UniqueIdentifier>{12b88d61-ac75-4d62-bc25-b936d061ed34}</UniqueIdentifier>
    </Filter>
    <Filter Include="02.GameObject_Tool\Pawn\Item_Tool">
      <UniqueIdentifier>{e532995e-7b60-4a81-8caa-241c96f849be}</UniqueIdentifier>
    </Filter>
    <Filter Include="50.Model">
      <UniqueIdentifier>{44330086-60e8-4b00-aba7-8c9e50e40825}</UniqueIdentifier>
    </Filter>
    <Filter Include="50.Model\Channel">
      <UniqueIdentifier>{b1de28ac-3764-4687-ac86-6d8bcb7398d5}</UniqueIdentifier>
    </Filter>
    <Filter Include="50.Model\HierachyNode">
      <UniqueIdentifier>{983c2d83-6e97-4745-ab80-1aeb8a0e90ca}</UniqueIdentifier>
    </Filter>
    <Filter Include="50.Model\MeshContainer">
      <UniqueIdentifier>{994997f4-e034-4d54-a5fd-d5b156b98140}</UniqueIdentifier>
    </Filter>
    <Filter Include="50.Model\Animation">
      <UniqueIdentifier>{490a96a6-2f6c-44ea-a622-3988f25527f1}</UniqueIdentifier>
    </Filter>
    <Filter Include="02.GameObject_Tool\Pawn\Item_Tool\Sword_Tool">
      <UniqueIdentifier>{17c0d4ef-f020-49b8-ae79-6261b1f957c2}</UniqueIdentifier>
    </Filter>
    <Filter Include="99.Default">
      <UniqueIdentifier>{942663bf-863c-497a-ad70-cb953ca43024}</UniqueIdentifier>
    </Filter>
    <Filter Include="99.Default\ImGui">
      <UniqueIdentifier>{eb615143-8dbc-4c39-aca5-1d493b490df0}</UniqueIdentifier>
    </Filter>
    <Filter Include="02.GameObject_Tool\Test">
      <UniqueIdentifier>{13193c49-ff66-465e-984a-d4158e1dc7a2}</UniqueIdentifier>
    </Filter>
    <Filter Include="04.ImGuiClass\ShaderView">
      <UniqueIdentifier>{e7af0290-c14a-40a0-b4bd-b4aa93e90aef}</UniqueIdentifier>
    </Filter>
    <Filter Include="02.GameObject_Tool\Test\Rect">
      <UniqueIdentifier>{a0f623c9-57ab-4aac-b6ae-fe245ba2d8d4}</UniqueIdentifier>
    </Filter>
    <Filter Include="02.GameObject_Tool\Test\Instance">
      <UniqueIdentifier>{76a5cfe4-bb6c-403f-9133-d9df07665024}</UniqueIdentifier>
    </Filter>
    <Filter Include="04.ImGuiClass\CutScene">
      <UniqueIdentifier>{d224fa64-3189-416c-ae51-9749dc2a546f}</UniqueIdentifier>
    </Filter>
    <Filter Include="04.ImGuiClass\CutScene\CutSceneModel">
      <UniqueIdentifier>{e3bca931-c8d5-43b4-877b-e14707e42a34}</UniqueIdentifier>
    </Filter>
    <Filter Include="03.Camera\Cinema">
      <UniqueIdentifier>{3f5da041-096d-43ce-8ea1-32ab4917e0be}</UniqueIdentifier>
    </Filter>
    <Filter Include="04.ImGuiClass\ShaderView\DebugRender">
      <UniqueIdentifier>{b8bad719-7dbf-4f82-8cd1-d76419c616f6}</UniqueIdentifier>
    </Filter>
    <Filter Include="04.ImGuiClass\CutScene\CutSceneTexture">
      <UniqueIdentifier>{f3f1a33b-0101-454a-a005-fa436129853e}</UniqueIdentifier>
    </Filter>
    <Filter Include="04.ImGuiClass\CutScene\CutSceneEffectGroup">
      <UniqueIdentifier>{107ba370-935d-4ce4-8826-e30a86b47086}</UniqueIdentifier>
    </Filter>
    <Filter Include="04.ImGuiClass\CutScene\CutSceneEffectGroup\CutSceneEffect">
      <UniqueIdentifier>{a6a44d92-dc67-4772-9b70-752f37b8c40e}</UniqueIdentifier>
    </Filter>
    <Filter Include="03.Camera\CutSceneCamera">
      <UniqueIdentifier>{adbe56aa-124b-406b-8da2-819dc9c04059}</UniqueIdentifier>
    </Filter>
  </ItemGroup>
  <ItemGroup>
    <ClInclude Include="..\Public\MainApp_Tool.h">
      <Filter>00.MainApp</Filter>
    </ClInclude>
    <ClInclude Include="..\Public\Tool_Defines.h">
      <Filter>98.Defines</Filter>
    </ClInclude>
    <ClInclude Include="..\Public\Tool_Proto_Macro.h">
      <Filter>98.Defines\Macros</Filter>
    </ClInclude>
    <ClInclude Include="..\Public\Tool_Layer_Macro.h">
      <Filter>98.Defines\Macros</Filter>
    </ClInclude>
    <ClInclude Include="..\Public\Tool_Com_Macro.h">
      <Filter>98.Defines\Macros</Filter>
    </ClInclude>
    <ClInclude Include="..\Public\Level_Loading_Tool.h">
      <Filter>01.Level\Level_Loading</Filter>
    </ClInclude>
    <ClInclude Include="..\Public\Loader_Tool.h">
      <Filter>01.Level\Level_Loading\Loader</Filter>
    </ClInclude>
    <ClInclude Include="..\Public\Level_Main_Tool.h">
      <Filter>01.Level\Level_Tool</Filter>
    </ClInclude>
    <ClInclude Include="..\Public\Pawn_Tool.h">
      <Filter>02.GameObject_Tool\Pawn</Filter>
    </ClInclude>
    <ClInclude Include="..\Public\GameObject_Tool.h">
      <Filter>02.GameObject_Tool</Filter>
    </ClInclude>
    <ClInclude Include="..\Public\ImGuiClass_Manager_Tool.h">
      <Filter>04.ImGuiClass\Manager</Filter>
    </ClInclude>
    <ClInclude Include="..\Public\ImGuiClass_Tool.h">
      <Filter>04.ImGuiClass</Filter>
    </ClInclude>
    <ClInclude Include="..\Public\MainView_Tool.h">
      <Filter>04.ImGuiClass\MainView</Filter>
    </ClInclude>
    <ClInclude Include="..\Public\Model_Tool.h">
      <Filter>50.Model</Filter>
    </ClInclude>
    <ClInclude Include="..\Public\Channel_Tool.h">
      <Filter>50.Model\Channel</Filter>
    </ClInclude>
    <ClInclude Include="..\Public\HierarchyNode_Tool.h">
      <Filter>50.Model\HierachyNode</Filter>
    </ClInclude>
    <ClInclude Include="..\Public\MeshContainer_Tool.h">
      <Filter>50.Model\MeshContainer</Filter>
    </ClInclude>
    <ClInclude Include="..\Public\FilePathViewer_Tool.h">
      <Filter>04.ImGuiClass\FIlePath</Filter>
    </ClInclude>
    <ClInclude Include="..\Public\MapViewer_Tool.h">
      <Filter>04.ImGuiClass\MapViewer</Filter>
    </ClInclude>
    <ClInclude Include="..\Public\MapGround_Tool.h">
      <Filter>02.GameObject_Tool\MapViewer</Filter>
    </ClInclude>
    <ClInclude Include="..\Public\MapObj_Tool.h">
      <Filter>02.GameObject_Tool\MapViewer</Filter>
    </ClInclude>
    <ClInclude Include="..\Public\UI_Tool.h">
      <Filter>02.GameObject_Tool\UI</Filter>
    </ClInclude>
    <ClInclude Include="..\Public\ImGui_UI_Tool.h">
      <Filter>04.ImGuiClass\UI_Tool</Filter>
    </ClInclude>
    <ClInclude Include="..\Public\Character_Tool.h">
      <Filter>02.GameObject_Tool\Pawn\Character</Filter>
    </ClInclude>
    <ClInclude Include="..\Public\Effect_Tool.h">
      <Filter>04.ImGuiClass\Effect_Tool</Filter>
    </ClInclude>
    <ClInclude Include="..\Public\AnimViewerModel.h">
      <Filter>04.ImGuiClass\AnimViewer\AnimViewerModel</Filter>
    </ClInclude>
    <ClInclude Include="..\Public\Animation_Tool.h">
      <Filter>50.Model\Animation</Filter>
    </ClInclude>
    <ClInclude Include="..\Public\AnimViewer_Tool.h">
      <Filter>04.ImGuiClass\AnimViewer</Filter>
    </ClInclude>
    <ClInclude Include="..\Public\Camera_Tool.h">
      <Filter>03.Camera\Tool</Filter>
    </ClInclude>
    <ClInclude Include="..\Public\Camera_Free_Tool.h">
      <Filter>03.Camera\Free</Filter>
    </ClInclude>
    <ClInclude Include="..\Public\CamViewer_Tool.h">
      <Filter>04.ImGuiClass\CamViewer</Filter>
    </ClInclude>
    <ClInclude Include="..\Public\Item_Tool.h">
      <Filter>02.GameObject_Tool\Pawn\Item_Tool</Filter>
    </ClInclude>
    <ClInclude Include="..\Public\Sword_Tool.h">
      <Filter>02.GameObject_Tool\Pawn\Item_Tool\Sword_Tool</Filter>
    </ClInclude>
    <ClInclude Include="..\Public\ImGui\imstb_textedit.h">
      <Filter>99.Default\ImGui</Filter>
    </ClInclude>
    <ClInclude Include="..\Public\ImGui\imstb_rectpack.h">
      <Filter>99.Default\ImGui</Filter>
    </ClInclude>
    <ClInclude Include="..\Public\ImGui\imgui_internal.h">
      <Filter>99.Default\ImGui</Filter>
    </ClInclude>
    <ClInclude Include="..\Public\ImGui\imgui_impl_win32.h">
      <Filter>99.Default\ImGui</Filter>
    </ClInclude>
    <ClInclude Include="..\Public\ImGui\imgui_impl_dx11.h">
      <Filter>99.Default\ImGui</Filter>
    </ClInclude>
    <ClInclude Include="..\Public\ImGui\imgui.h">
      <Filter>99.Default\ImGui</Filter>
    </ClInclude>
    <ClInclude Include="..\Public\ImGui\imconfig.h">
      <Filter>99.Default\ImGui</Filter>
    </ClInclude>
    <ClInclude Include="..\Public\ImGui\imstb_truetype.h">
      <Filter>99.Default\ImGui</Filter>
    </ClInclude>
    <ClInclude Include="framework.h">
      <Filter>99.Default</Filter>
    </ClInclude>
    <ClInclude Include="Resource.h">
      <Filter>99.Default</Filter>
    </ClInclude>
    <ClInclude Include="targetver.h">
      <Filter>99.Default</Filter>
    </ClInclude>
    <ClInclude Include="Tool.h">
      <Filter>99.Default</Filter>
    </ClInclude>
    <ClInclude Include="..\Public\ShaderView_Tool.h">
      <Filter>04.ImGuiClass\ShaderView</Filter>
    </ClInclude>
    <ClInclude Include="..\Public\Test_Shader_Tool.h">
      <Filter>02.GameObject_Tool\Test\Rect</Filter>
    </ClInclude>
    <ClInclude Include="..\Public\Test_Instance.h">
      <Filter>02.GameObject_Tool\Test\Instance</Filter>
    </ClInclude>
    <ClInclude Include="..\Public\Monster_Tool.h">
      <Filter>02.GameObject_Tool\MapViewer</Filter>
    </ClInclude>
    <ClInclude Include="..\Public\CutSceneViewer_Tool.h">
      <Filter>04.ImGuiClass\CutScene</Filter>
    </ClInclude>
    <ClInclude Include="..\Public\CutSceneModel_Tool.h">
      <Filter>04.ImGuiClass\CutScene\CutSceneModel</Filter>
    </ClInclude>
    <ClInclude Include="..\Public\Camera_Cinematic_Tool.h">
      <Filter>03.Camera\Cinema</Filter>
    </ClInclude>
    <ClInclude Include="..\Public\Debug_RenderObj_Tool.h">
      <Filter>04.ImGuiClass\ShaderView\DebugRender</Filter>
    </ClInclude>
    <ClInclude Include="..\Public\CutSceneTex_Tool.h">
      <Filter>04.ImGuiClass\CutScene\CutSceneTexture</Filter>
    </ClInclude>
    <ClInclude Include="..\Public\CutSceneEffectGroup_Tool.h">
      <Filter>04.ImGuiClass\CutScene\CutSceneEffectGroup</Filter>
    </ClInclude>
    <ClInclude Include="..\Public\CutSceneEffect_Tool.h">
      <Filter>04.ImGuiClass\CutScene\CutSceneEffectGroup\CutSceneEffect</Filter>
    </ClInclude>
    <ClInclude Include="..\Public\CutSceneCamera_Tool.h">
      <Filter>03.Camera\Tool</Filter>
    </ClInclude>
  </ItemGroup>
  <ItemGroup>
    <ClCompile Include="..\Private\MainApp_Tool.cpp">
      <Filter>00.MainApp</Filter>
    </ClCompile>
    <ClCompile Include="..\Private\Level_Loading_Tool.cpp">
      <Filter>01.Level\Level_Loading</Filter>
    </ClCompile>
    <ClCompile Include="..\Private\Loader_Tool.cpp">
      <Filter>01.Level\Level_Loading\Loader</Filter>
    </ClCompile>
    <ClCompile Include="..\Private\Level_Main_Tool.cpp">
      <Filter>01.Level\Level_Tool</Filter>
    </ClCompile>
    <ClCompile Include="..\Private\Pawn_Tool.cpp">
      <Filter>02.GameObject_Tool\Pawn</Filter>
    </ClCompile>
    <ClCompile Include="..\Private\GameObject_Tool.cpp">
      <Filter>02.GameObject_Tool</Filter>
    </ClCompile>
    <ClCompile Include="..\Private\ImGuiClass_Manager_Tool.cpp">
      <Filter>04.ImGuiClass\Manager</Filter>
    </ClCompile>
    <ClCompile Include="..\Private\ImGuiClass_Tool.cpp">
      <Filter>04.ImGuiClass</Filter>
    </ClCompile>
    <ClCompile Include="..\Private\MainView_Tool.cpp">
      <Filter>04.ImGuiClass\MainView</Filter>
    </ClCompile>
    <ClCompile Include="..\Private\Channel_Tool.cpp">
      <Filter>50.Model\Channel</Filter>
    </ClCompile>
    <ClCompile Include="..\Private\HierarchyNode_Tool.cpp">
      <Filter>50.Model\HierachyNode</Filter>
    </ClCompile>
    <ClCompile Include="..\Private\MeshContainer_Tool.cpp">
      <Filter>50.Model\MeshContainer</Filter>
    </ClCompile>
    <ClCompile Include="..\Private\FilePathViewer_Tool.cpp">
      <Filter>04.ImGuiClass\FIlePath</Filter>
    </ClCompile>
    <ClCompile Include="..\Private\MapViewer_Tool.cpp">
      <Filter>04.ImGuiClass\MapViewer</Filter>
    </ClCompile>
    <ClCompile Include="..\Private\MapGround_Tool.cpp">
      <Filter>02.GameObject_Tool\MapViewer</Filter>
    </ClCompile>
    <ClCompile Include="..\Private\MapObj_Tool.cpp">
      <Filter>02.GameObject_Tool\MapViewer</Filter>
    </ClCompile>
    <ClCompile Include="..\Private\UI_Tool.cpp">
      <Filter>02.GameObject_Tool\UI</Filter>
    </ClCompile>
    <ClCompile Include="..\Private\ImGui_UI_Tool.cpp">
      <Filter>04.ImGuiClass\UI_Tool</Filter>
    </ClCompile>
    <ClCompile Include="..\Private\Character_Tool.cpp">
      <Filter>02.GameObject_Tool\Pawn\Character</Filter>
    </ClCompile>
    <ClCompile Include="..\Private\AnimViewerModel.cpp">
      <Filter>04.ImGuiClass\AnimViewer\AnimViewerModel</Filter>
    </ClCompile>
    <ClCompile Include="..\Private\Animation_Tool.cpp">
      <Filter>50.Model\Animation</Filter>
    </ClCompile>
    <ClCompile Include="..\Private\Effect_Tool.cpp">
      <Filter>04.ImGuiClass\Effect_Tool</Filter>
    </ClCompile>
    <ClCompile Include="..\Private\AnimViewer_Tool.cpp">
      <Filter>04.ImGuiClass\AnimViewer</Filter>
    </ClCompile>
    <ClCompile Include="..\Private\Model_Tool.cpp">
      <Filter>50.Model</Filter>
    </ClCompile>
    <ClCompile Include="..\Private\Camera_Tool.cpp">
      <Filter>03.Camera\Tool</Filter>
    </ClCompile>
    <ClCompile Include="..\Private\Camera_Free_Tool.cpp">
      <Filter>03.Camera\Free</Filter>
    </ClCompile>
    <ClCompile Include="..\Private\CamViewer_Tool.cpp">
      <Filter>04.ImGuiClass\CamViewer</Filter>
    </ClCompile>
    <ClCompile Include="..\Private\Item_Tool.cpp">
      <Filter>02.GameObject_Tool\Pawn\Item_Tool</Filter>
    </ClCompile>
    <ClCompile Include="..\Private\Sword_Tool.cpp">
      <Filter>02.GameObject_Tool\Pawn\Item_Tool\Sword_Tool</Filter>
    </ClCompile>
    <ClCompile Include="..\Public\ImGui\imgui_widgets.cpp">
      <Filter>99.Default\ImGui</Filter>
    </ClCompile>
    <ClCompile Include="..\Public\ImGui\imgui_tables.cpp">
      <Filter>99.Default\ImGui</Filter>
    </ClCompile>
    <ClCompile Include="..\Public\ImGui\imgui_impl_win32.cpp">
      <Filter>99.Default\ImGui</Filter>
    </ClCompile>
    <ClCompile Include="..\Public\ImGui\imgui_impl_dx11.cpp">
      <Filter>99.Default\ImGui</Filter>
    </ClCompile>
    <ClCompile Include="..\Public\ImGui\imgui_draw.cpp">
      <Filter>99.Default\ImGui</Filter>
    </ClCompile>
    <ClCompile Include="..\Public\ImGui\imgui_demo.cpp">
      <Filter>99.Default\ImGui</Filter>
    </ClCompile>
    <ClCompile Include="..\Public\ImGui\imgui.cpp">
      <Filter>99.Default\ImGui</Filter>
    </ClCompile>
    <ClCompile Include="Tool.cpp">
      <Filter>99.Default</Filter>
    </ClCompile>
    <ClCompile Include="..\Private\ShaderView_Tool.cpp">
      <Filter>04.ImGuiClass\ShaderView</Filter>
    </ClCompile>
    <ClCompile Include="..\Private\Test_Shader_Tool.cpp">
      <Filter>02.GameObject_Tool\Test\Rect</Filter>
    </ClCompile>
    <ClCompile Include="..\Private\Test_Instance.cpp">
      <Filter>02.GameObject_Tool\Test\Instance</Filter>
    </ClCompile>
    <ClCompile Include="..\Private\Monster_Tool.cpp">
      <Filter>02.GameObject_Tool\MapViewer</Filter>
    </ClCompile>
    <ClCompile Include="..\Private\CutSceneViewer_Tool.cpp">
      <Filter>04.ImGuiClass\CutScene</Filter>
    </ClCompile>
    <ClCompile Include="..\Private\CutSceneModel_Tool.cpp">
      <Filter>04.ImGuiClass\CutScene\CutSceneModel</Filter>
    </ClCompile>
    <ClCompile Include="..\Private\Camera_Cinematic_Tool.cpp">
      <Filter>03.Camera\Cinema</Filter>
    </ClCompile>
    <ClCompile Include="..\Private\Debug_RenderObj_Tool.cpp">
      <Filter>04.ImGuiClass\ShaderView\DebugRender</Filter>
    </ClCompile>
    <ClCompile Include="..\Private\CutSceneTex_Tool.cpp">
      <Filter>04.ImGuiClass\CutScene\CutSceneTexture</Filter>
    </ClCompile>
    <ClCompile Include="..\Private\CutSceneEffectGroup_Tool.cpp">
      <Filter>04.ImGuiClass\CutScene\CutSceneEffectGroup</Filter>
    </ClCompile>
    <ClCompile Include="..\Private\CutSceneEffect_Tool.cpp">
      <Filter>04.ImGuiClass\CutScene\CutSceneEffectGroup\CutSceneEffect</Filter>
    </ClCompile>
    <ClCompile Include="..\Private\CutSceneCamera_Tool.cpp">
      <Filter>03.Camera\Tool</Filter>
    </ClCompile>
  </ItemGroup>
  <ItemGroup>
    <ResourceCompile Include="Tool.rc">
      <Filter>99.Default</Filter>
    </ResourceCompile>
  </ItemGroup>
  <ItemGroup>
    <Image Include="small.ico">
      <Filter>99.Default</Filter>
    </Image>
    <Image Include="Tool.ico">
      <Filter>99.Default</Filter>
    </Image>
  </ItemGroup>
</Project>